
Microsoft Visual Studio Solution File, Format Version 12.00
# Visual Studio 14
VisualStudioVersion = 14.0.25420.1
MinimumVisualStudioVersion = 10.0.40219.1
Project("{FAE04EC0-301F-11D3-BF4B-00C04F79EFBC}") = "WindowsAPP", "WindowsAPP\WindowsAPP.csproj", "{88BFBCA1-54A2-4328-9CF0-B51FA4DAEAD3}"
EndProject
Project("{FAE04EC0-301F-11D3-BF4B-00C04F79EFBC}") = "Entities", "Entities\Entities.csproj", "{F49DFEC2-5774-4B17-940A-A731E24F7D16}"
EndProject
Project("{FAE04EC0-301F-11D3-BF4B-00C04F79EFBC}") = "DataAccesLager", "DataAccesLager\DataAccesLager.csproj", "{AB12D6E8-201D-47B1-AA19-87E70F4105A6}"
EndProject
Project("{FAE04EC0-301F-11D3-BF4B-00C04F79EFBC}") = "BusinessLoyicLayer", "BusinessLoyicLayer\BusinessLoyicLayer.csproj", "{890359A4-239E-464E-A5DE-8AFF485BF575}"
EndProject
Global
	GlobalSection(SolutionConfigurationPlatforms) = preSolution
		Debug|Any CPU = Debug|Any CPU
		Release|Any CPU = Release|Any CPU
	EndGlobalSection
	GlobalSection(ProjectConfigurationPlatforms) = postSolution
		{88BFBCA1-54A2-4328-9CF0-B51FA4DAEAD3}.Debug|Any CPU.ActiveCfg = Debug|Any CPU
		{88BFBCA1-54A2-4328-9CF0-B51FA4DAEAD3}.Debug|Any CPU.Build.0 = Debug|Any CPU
		{88BFBCA1-54A2-4328-9CF0-B51FA4DAEAD3}.Release|Any CPU.ActiveCfg = Release|Any CPU
		{88BFBCA1-54A2-4328-9CF0-B51FA4DAEAD3}.Release|Any CPU.Build.0 = Release|Any CPU
		{F49DFEC2-5774-4B17-940A-A731E24F7D16}.Debug|Any CPU.ActiveCfg = Debug|Any CPU
		{F49DFEC2-5774-4B17-940A-A731E24F7D16}.Debug|Any CPU.Build.0 = Debug|Any CPU
		{F49DFEC2-5774-4B17-940A-A731E24F7D16}.Release|Any CPU.ActiveCfg = Release|Any CPU
		{F49DFEC2-5774-4B17-940A-A731E24F7D16}.Release|Any CPU.Build.0 = Release|Any CPU
		{AB12D6E8-201D-47B1-AA19-87E70F4105A6}.Debug|Any CPU.ActiveCfg = Debug|Any CPU
		{AB12D6E8-201D-47B1-AA19-87E70F4105A6}.Debug|Any CPU.Build.0 = Debug|Any CPU
		{AB12D6E8-201D-47B1-AA19-87E70F4105A6}.Release|Any CPU.ActiveCfg = Release|Any CPU
		{AB12D6E8-201D-47B1-AA19-87E70F4105A6}.Release|Any CPU.Build.0 = Release|Any CPU
		{890359A4-239E-464E-A5DE-8AFF485BF575}.Debug|Any CPU.ActiveCfg = Debug|Any CPU
		{890359A4-239E-464E-A5DE-8AFF485BF575}.Debug|Any CPU.Build.0 = Debug|Any CPU
		{890359A4-239E-464E-A5DE-8AFF485BF575}.Release|Any CPU.ActiveCfg = Release|Any CPU
		{890359A4-239E-464E-A5DE-8AFF485BF575}.Release|Any CPU.Build.0 = Release|Any CPU
	EndGlobalSection
	GlobalSection(SolutionProperties) = preSolution
		HideSolutionNode = FALSE
	EndGlobalSection
EndGlobal
